
Microsoft Visual Studio Solution File, Format Version 12.00
# Visual Studio Version 17
VisualStudioVersion = 17.8.34408.163
MinimumVisualStudioVersion = 10.0.40219.1
Project("{9A19103F-16F7-4668-BE54-9A1E7A4F7556}") = "LethalStats", "LethalStatsMod\LethalStats.csproj", "{FD70DA0F-ED0F-4490-8B68-0F84D6C1A442}"
EndProject
Global
	GlobalSection(SolutionConfigurationPlatforms) = preSolution
		Debug|Any CPU = Debug|Any CPU
		Release|Any CPU = Release|Any CPU
	EndGlobalSection
	GlobalSection(ProjectConfigurationPlatforms) = postSolution
		{FD70DA0F-ED0F-4490-8B68-0F84D6C1A442}.Debug|Any CPU.ActiveCfg = Debug|Any CPU
		{FD70DA0F-ED0F-4490-8B68-0F84D6C1A442}.Debug|Any CPU.Build.0 = Debug|Any CPU
		{FD70DA0F-ED0F-4490-8B68-0F84D6C1A442}.Release|Any CPU.ActiveCfg = Release|Any CPU
		{FD70DA0F-ED0F-4490-8B68-0F84D6C1A442}.Release|Any CPU.Build.0 = Release|Any CPU
	EndGlobalSection
	GlobalSection(SolutionProperties) = preSolution
		HideSolutionNode = FALSE
	EndGlobalSection
	GlobalSection(ExtensibilityGlobals) = postSolution
		SolutionGuid = {760546E8-4F3D-4BBC-A485-93FF37CA8DD8}
	EndGlobalSection
EndGlobal
